
Microsoft Visual Studio Solution File, Format Version 12.00
# Visual Studio Version 17
VisualStudioVersion = 17.5.33502.453
MinimumVisualStudioVersion = 10.0.40219.1
Project("{FAE04EC0-301F-11D3-BF4B-00C04F79EFBC}") = "Lesson15", "Lesson15\Lesson15.csproj", "{05184AF8-9BB0-49AC-870A-FF6C2D77DF2B}"
EndProject
Global
	GlobalSection(SolutionConfigurationPlatforms) = preSolution
		Debug|Any CPU = Debug|Any CPU
		Release|Any CPU = Release|Any CPU
	EndGlobalSection
	GlobalSection(ProjectConfigurationPlatforms) = postSolution
		{05184AF8-9BB0-49AC-870A-FF6C2D77DF2B}.Debug|Any CPU.ActiveCfg = Debug|Any CPU
		{05184AF8-9BB0-49AC-870A-FF6C2D77DF2B}.Debug|Any CPU.Build.0 = Debug|Any CPU
		{05184AF8-9BB0-49AC-870A-FF6C2D77DF2B}.Release|Any CPU.ActiveCfg = Release|Any CPU
		{05184AF8-9BB0-49AC-870A-FF6C2D77DF2B}.Release|Any CPU.Build.0 = Release|Any CPU
	EndGlobalSection
	GlobalSection(SolutionProperties) = preSolution
		HideSolutionNode = FALSE
	EndGlobalSection
	GlobalSection(ExtensibilityGlobals) = postSolution
		SolutionGuid = {5BFC396C-6483-4096-8703-39B0F152BD8D}
	EndGlobalSection
EndGlobal
